
Microsoft Visual Studio Solution File, Format Version 12.00
# Visual Studio Version 16
VisualStudioVersion = 16.0.30611.23
MinimumVisualStudioVersion = 10.0.40219.1
Project("{FAE04EC0-301F-11D3-BF4B-00C04F79EFBC}") = "Database_All_Assignments", "Database_All_Assignments\Database_All_Assignments.csproj", "{76916834-9CE2-4015-9AF5-A9757DA3E882}"
EndProject
Global
	GlobalSection(SolutionConfigurationPlatforms) = preSolution
		Debug|Any CPU = Debug|Any CPU
		Release|Any CPU = Release|Any CPU
	EndGlobalSection
	GlobalSection(ProjectConfigurationPlatforms) = postSolution
		{76916834-9CE2-4015-9AF5-A9757DA3E882}.Debug|Any CPU.ActiveCfg = Debug|Any CPU
		{76916834-9CE2-4015-9AF5-A9757DA3E882}.Debug|Any CPU.Build.0 = Debug|Any CPU
		{76916834-9CE2-4015-9AF5-A9757DA3E882}.Release|Any CPU.ActiveCfg = Release|Any CPU
		{76916834-9CE2-4015-9AF5-A9757DA3E882}.Release|Any CPU.Build.0 = Release|Any CPU
	EndGlobalSection
	GlobalSection(SolutionProperties) = preSolution
		HideSolutionNode = FALSE
	EndGlobalSection
	GlobalSection(ExtensibilityGlobals) = postSolution
		SolutionGuid = {57CCC31A-EC67-4CB8-8714-D1FA887DEE51}
	EndGlobalSection
EndGlobal
